version = 1
revision = 1
requires-python = ">=3.13"

[[package]]
name = "cytoolz"
version = "1.0.1"
source = { registry = "https://pypi.org/simple" }
dependencies = [
    { name = "toolz" },
]
sdist = { url = "https://files.pythonhosted.org/packages/a7/f9/3243eed3a6545c2a33a21f74f655e3fcb5d2192613cd3db81a93369eb339/cytoolz-1.0.1.tar.gz", hash = "sha256:89cc3161b89e1bb3ed7636f74ed2e55984fd35516904fc878cae216e42b2c7d6", size = 626652 }
wheels = [
    { url = "https://files.pythonhosted.org/packages/aa/2e/a9f069db0107749e9e72baf6c21abe3f006841a3bcfdc9b8420e22ef31eb/cytoolz-1.0.1-cp313-cp313-macosx_10_13_x86_64.whl", hash = "sha256:6944bb93b287032a4c5ca6879b69bcd07df46f3079cf8393958cf0b0454f50c0", size = 407365 },
    { url = "https://files.pythonhosted.org/packages/a9/9b/5e87dd0e31f54c778b4f9f34cc14c1162d3096c8d746b0f8be97d70dd73c/cytoolz-1.0.1-cp313-cp313-macosx_11_0_arm64.whl", hash = "sha256:e027260fd2fc5cb041277158ac294fc13dca640714527219f702fb459a59823a", size = 385233 },
    { url = "https://files.pythonhosted.org/packages/63/00/2fd32b16284cdb97cfe092822179bc0c3bcdd5e927dd39f986169a517642/cytoolz-1.0.1-cp313-cp313-manylinux_2_17_aarch64.manylinux2014_aarch64.whl", hash = "sha256:88662c0e07250d26f5af9bc95911e6137e124a5c1ec2ce4a5d74de96718ab242", size = 2062903 },
    { url = "https://files.pythonhosted.org/packages/85/39/b3cbb5a9847ba59584a263772ad4f8ca2dbfd2a0e11efd09211d1219804c/cytoolz-1.0.1-cp313-cp313-manylinux_2_17_ppc64le.manylinux2014_ppc64le.whl", hash = "sha256:309dffa78b0961b4c0cf55674b828fbbc793cf2d816277a5c8293c0c16155296", size = 2139517 },
    { url = "https://files.pythonhosted.org/packages/ea/39/bfcab4a46d50c467e36fe704f19d8904efead417787806ee210327f68390/cytoolz-1.0.1-cp313-cp313-manylinux_2_17_s390x.manylinux2014_s390x.whl", hash = "sha256:edb34246e6eb40343c5860fc51b24937698e4fa1ee415917a73ad772a9a1746b", size = 2154849 },
    { url = "https://files.pythonhosted.org/packages/fd/42/3bc6ee61b0aa47e1cb40819adc1a456d7efa809f0dea9faddacb43fdde8f/cytoolz-1.0.1-cp313-cp313-manylinux_2_17_x86_64.manylinux2014_x86_64.whl", hash = "sha256:0a54da7a8e4348a18d45d4d5bc84af6c716d7f131113a4f1cc45569d37edff1b", size = 2102302 },
    { url = "https://files.pythonhosted.org/packages/00/66/3f636c6ddea7b18026b90a8c238af472e423b86e427b11df02213689b012/cytoolz-1.0.1-cp313-cp313-manylinux_2_5_i686.manylinux1_i686.manylinux_2_17_i686.manylinux2014_i686.whl", hash = "sha256:241c679c3b1913c0f7259cf1d9639bed5084c86d0051641d537a0980548aa266", size = 1960872 },
    { url = "https://files.pythonhosted.org/packages/40/36/cb3b7cdd651007b69f9c48e9d104cec7cb8dc53afa1d6a720e5ad08022fa/cytoolz-1.0.1-cp313-cp313-musllinux_1_2_aarch64.whl", hash = "sha256:5bfc860251a8f280ac79696fc3343cfc3a7c30b94199e0240b6c9e5b6b01a2a5", size = 2014430 },
    { url = "https://files.pythonhosted.org/packages/88/3f/2e9bd2a16cfd269808922147551dcb2d8b68ba54a2c4deca2fa6a6cd0d5f/cytoolz-1.0.1-cp313-cp313-musllinux_1_2_i686.whl", hash = "sha256:c8edd1547014050c1bdad3ff85d25c82bd1c2a3c96830c6181521eb78b9a42b3", size = 2003127 },
    { url = "https://files.pythonhosted.org/packages/c4/7d/08604ff940aa784df8343c387fdf2489b948b714a6afb587775ae94da912/cytoolz-1.0.1-cp313-cp313-musllinux_1_2_ppc64le.whl", hash = "sha256:b349bf6162e8de215403d7f35f8a9b4b1853dc2a48e6e1a609a5b1a16868b296", size = 2142369 },
    { url = "https://files.pythonhosted.org/packages/d2/c6/39919a0645bdbdf720e97cae107f959ea9d1267fbc3b0d94fc6e1d12ac8f/cytoolz-1.0.1-cp313-cp313-musllinux_1_2_s390x.whl", hash = "sha256:1b18b35256219b6c3dd0fa037741b85d0bea39c552eab0775816e85a52834140", size = 2180427 },
    { url = "https://files.pythonhosted.org/packages/d8/03/dbb9d47556ee54337e7e0ac209d17ceff2d2a197c34de08005abc7a7449b/cytoolz-1.0.1-cp313-cp313-musllinux_1_2_x86_64.whl", hash = "sha256:738b2350f340ff8af883eb301054eb724997f795d20d90daec7911c389d61581", size = 2069785 },
    { url = "https://files.pythonhosted.org/packages/ea/f8/11bb7b8947002231faae3ec2342df5896afbc19eb783a332cce6d219ff79/cytoolz-1.0.1-cp313-cp313-win32.whl", hash = "sha256:9cbd9c103df54fcca42be55ef40e7baea624ac30ee0b8bf1149f21146d1078d9", size = 320685 },
    { url = "https://files.pythonhosted.org/packages/40/eb/dde173cf2357084ca9423950be1f2f11ab11d65d8bd30165bfb8fd4213e9/cytoolz-1.0.1-cp313-cp313-win_amd64.whl", hash = "sha256:90e577e08d3a4308186d9e1ec06876d4756b1e8164b92971c69739ea17e15297", size = 362898 },
]

[[package]]
name = "eth-hash"
version = "0.7.1"
source = { registry = "https://pypi.org/simple" }
sdist = { url = "https://files.pythonhosted.org/packages/ee/38/577b7bc9380ef9dff0f1dffefe0c9a1ded2385e7a06c306fd95afb6f9451/eth_hash-0.7.1.tar.gz", hash = "sha256:d2411a403a0b0a62e8247b4117932d900ffb4c8c64b15f92620547ca5ce46be5", size = 12227 }
wheels = [
    { url = "https://files.pythonhosted.org/packages/eb/db/f8775490669d28aca24871c67dd56b3e72105cb3bcae9a4ec65dd70859b3/eth_hash-0.7.1-py3-none-any.whl", hash = "sha256:0fb1add2adf99ef28883fd6228eb447ef519ea72933535ad1a0b28c6f65f868a", size = 8028 },
]

[package.optional-dependencies]
pysha3 = [
    { name = "safe-pysha3" },
]

[[package]]
name = "eth-keys"
version = "0.7.0"
source = { registry = "https://pypi.org/simple" }
dependencies = [
    { name = "eth-typing" },
    { name = "eth-utils" },
]
sdist = { url = "https://files.pythonhosted.org/packages/58/11/1ed831c50bd74f57829aa06e58bd82a809c37e070ee501c953b9ac1f1552/eth_keys-0.7.0.tar.gz", hash = "sha256:79d24fd876201df67741de3e3fefb3f4dbcbb6ace66e47e6fe662851a4547814", size = 30166 }
wheels = [
    { url = "https://files.pythonhosted.org/packages/4d/25/0ae00f2b0095e559d61ad3dc32171bd5a29dfd95ab04b4edd641f7c75f72/eth_keys-0.7.0-py3-none-any.whl", hash = "sha256:b0cdda8ffe8e5ba69c7c5ca33f153828edcace844f67aabd4542d7de38b159cf", size = 20656 },
]

[[package]]
name = "eth-typing"
version = "5.2.0"
source = { registry = "https://pypi.org/simple" }
dependencies = [
    { name = "typing-extensions" },
]
sdist = { url = "https://files.pythonhosted.org/packages/bd/4a/1faf216a53427ae9111524ebd139b99c0b93fb3dcadf0c972c3433055370/eth_typing-5.2.0.tar.gz", hash = "sha256:28685f7e2270ea0d209b75bdef76d8ecef27703e1a16399f6929820d05071c28", size = 21794 }
wheels = [
    { url = "https://files.pythonhosted.org/packages/3c/83/7b29c2cfde5d2131eac18c47692440465a61122ce28164b5f480c800e358/eth_typing-5.2.0-py3-none-any.whl", hash = "sha256:e1f424e97990fc3c6a1c05a7b0968caed4e20e9c99a4d5f4db3df418e25ddc80", size = 19120 },
]

[[package]]
name = "eth-utils"
version = "5.2.0"
source = { registry = "https://pypi.org/simple" }
dependencies = [
    { name = "cytoolz", marker = "implementation_name == 'cpython'" },
    { name = "eth-hash" },
    { name = "eth-typing" },
    { name = "toolz", marker = "implementation_name == 'pypy'" },
]
sdist = { url = "https://files.pythonhosted.org/packages/27/e9/f4210d19fa45a23b239017cd75b535d594d8945ef6afc4bb3ab9ee4ff269/eth_utils-5.2.0.tar.gz", hash = "sha256:17e474eb654df6e18f20797b22c6caabb77415a996b3ba0f3cc8df3437463134", size = 120366 }
wheels = [
    { url = "https://files.pythonhosted.org/packages/4f/88/e4e2cc869eaab9a830ac69f213d0609a4f5c5377cde10698cdef6ad2874e/eth_utils-5.2.0-py3-none-any.whl", hash = "sha256:4d43eeb6720e89a042ad5b28d4b2111630ae764f444b85cbafb708d7f076da10", size = 100516 },
]

[[package]]
name = "pysubnet"
version = "0.1.0"
source = { virtual = "." }
dependencies = [
    { name = "eth-hash", extra = ["pysha3"] },
    { name = "eth-keys" },
    { name = "eth-utils" },
]

[package.metadata]
requires-dist = [
    { name = "eth-hash", extras = ["pysha3"], specifier = ">=0.7.1" },
    { name = "eth-keys", specifier = ">=0.7.0" },
    { name = "eth-utils", specifier = ">=5.2.0" },
]

[[package]]
name = "safe-pysha3"
version = "1.0.4"
source = { registry = "https://pypi.org/simple" }
sdist = { url = "https://files.pythonhosted.org/packages/fd/73/67ba7ed2177b0b17d10665418fb5deafa03d76b8d4b2cb30883b81b00edf/safe-pysha3-1.0.4.tar.gz", hash = "sha256:e429146b1edd198b2ca934a2046a65656c5d31b0ec894bbd6055127f4deaff17", size = 827688 }

[[package]]
name = "toolz"
version = "1.0.0"
source = { registry = "https://pypi.org/simple" }
sdist = { url = "https://files.pythonhosted.org/packages/8a/0b/d80dfa675bf592f636d1ea0b835eab4ec8df6e9415d8cfd766df54456123/toolz-1.0.0.tar.gz", hash = "sha256:2c86e3d9a04798ac556793bced838816296a2f085017664e4995cb40a1047a02", size = 66790 }
wheels = [
    { url = "https://files.pythonhosted.org/packages/03/98/eb27cc78ad3af8e302c9d8ff4977f5026676e130d28dd7578132a457170c/toolz-1.0.0-py3-none-any.whl", hash = "sha256:292c8f1c4e7516bf9086f8850935c799a874039c8bcf959d47b600e4c44a6236", size = 56383 },
]

[[package]]
name = "typing-extensions"
version = "4.13.2"
source = { registry = "https://pypi.org/simple" }
sdist = { url = "https://files.pythonhosted.org/packages/f6/37/23083fcd6e35492953e8d2aaaa68b860eb422b34627b13f2ce3eb6106061/typing_extensions-4.13.2.tar.gz", hash = "sha256:e6c81219bd689f51865d9e372991c540bda33a0379d5573cddb9a3a23f7caaef", size = 106967 }
wheels = [
    { url = "https://files.pythonhosted.org/packages/8b/54/b1ae86c0973cc6f0210b53d508ca3641fb6d0c56823f288d108bc7ab3cc8/typing_extensions-4.13.2-py3-none-any.whl", hash = "sha256:a439e7c04b49fec3e5d3e2beaa21755cadbbdc391694e28ccdd36ca4a1408f8c", size = 45806 },
]
