version = 1
revision = 1
requires-python = ">=3.10"

[[package]]
name = "cytoolz"
version = "1.0.1"
source = { registry = "https://pypi.org/simple" }
dependencies = [
    { name = "toolz" },
]
sdist = { url = "https://files.pythonhosted.org/packages/a7/f9/3243eed3a6545c2a33a21f74f655e3fcb5d2192613cd3db81a93369eb339/cytoolz-1.0.1.tar.gz", hash = "sha256:89cc3161b89e1bb3ed7636f74ed2e55984fd35516904fc878cae216e42b2c7d6", size = 626652 }
wheels = [
    { url = "https://files.pythonhosted.org/packages/1e/d9/f13d66c16cff1fa1cb6c234698029877c456f35f577ef274aba3b86e7c51/cytoolz-1.0.1-cp310-cp310-macosx_10_9_x86_64.whl", hash = "sha256:cec9af61f71fc3853eb5dca3d42eb07d1f48a4599fa502cbe92adde85f74b042", size = 403515 },
    { url = "https://files.pythonhosted.org/packages/4b/2d/4cdf848a69300c7d44984f2ebbebb3b8576e5449c8dea157298f3bdc4da3/cytoolz-1.0.1-cp310-cp310-macosx_11_0_arm64.whl", hash = "sha256:140bbd649dbda01e91add7642149a5987a7c3ccc251f2263de894b89f50b6608", size = 383936 },
    { url = "https://files.pythonhosted.org/packages/72/a4/ccfdd3f0ed9cc818f734b424261f6018fc61e3ec833bf85225a9aca0d994/cytoolz-1.0.1-cp310-cp310-manylinux_2_17_aarch64.manylinux2014_aarch64.whl", hash = "sha256:e90124bdc42ff58b88cdea1d24a6bc5f776414a314cc4d94f25c88badb3a16d1", size = 1934569 },
    { url = "https://files.pythonhosted.org/packages/50/fc/38d5344fa595683ad10dc819cfc1d8b9d2b3391ccf3e8cb7bab4899a01f5/cytoolz-1.0.1-cp310-cp310-manylinux_2_17_ppc64le.manylinux2014_ppc64le.whl", hash = "sha256:e74801b751e28f7c5cc3ad264c123954a051f546f2fdfe089f5aa7a12ccfa6da", size = 2015129 },
    { url = "https://files.pythonhosted.org/packages/28/29/75261748dc54a20a927f33641f4e9aac674cfc6d3fbd4f332e10d0b37639/cytoolz-1.0.1-cp310-cp310-manylinux_2_17_s390x.manylinux2014_s390x.whl", hash = "sha256:582dad4545ddfb5127494ef23f3fa4855f1673a35d50c66f7638e9fb49805089", size = 2000506 },
    { url = "https://files.pythonhosted.org/packages/00/ae/e4ead004cc2698281d153c4a5388638d67cdb5544d6d6cc1e5b3db2bd2a3/cytoolz-1.0.1-cp310-cp310-manylinux_2_17_x86_64.manylinux2014_x86_64.whl", hash = "sha256:dd7bd0618e16efe03bd12f19c2a26a27e6e6b75d7105adb7be1cd2a53fa755d8", size = 1957537 },
    { url = "https://files.pythonhosted.org/packages/4a/ff/4f3aa07f4f47701f7f63df60ce0a5669fa09c256c3d4a33503a9414ea5cc/cytoolz-1.0.1-cp310-cp310-manylinux_2_5_i686.manylinux1_i686.manylinux_2_17_i686.manylinux2014_i686.whl", hash = "sha256:d74cca6acf1c4af58b2e4a89cc565ed61c5e201de2e434748c93e5a0f5c541a5", size = 1863331 },
    { url = "https://files.pythonhosted.org/packages/a2/29/654f57f2a9b8e9765a4ab876765f64f94530b61fc6471a07feea42ece6d4/cytoolz-1.0.1-cp310-cp310-musllinux_1_2_aarch64.whl", hash = "sha256:823a3763828d8d457f542b2a45d75d6b4ced5e470b5c7cf2ed66a02f508ed442", size = 1849938 },
    { url = "https://files.pythonhosted.org/packages/bc/7b/11f457db6b291060a98315ab2c7198077d8bddeeebe5f7126d9dad98cc54/cytoolz-1.0.1-cp310-cp310-musllinux_1_2_i686.whl", hash = "sha256:51633a14e6844c61db1d68c1ffd077cf949f5c99c60ed5f1e265b9e2966f1b52", size = 1852345 },
    { url = "https://files.pythonhosted.org/packages/6b/92/0dccc96ce0323be236d404f5084479b79b747fa0e74e43a270e95868b5f9/cytoolz-1.0.1-cp310-cp310-musllinux_1_2_ppc64le.whl", hash = "sha256:f3ec9b01c45348f1d0d712507d54c2bfd69c62fbd7c9ef555c9d8298693c2432", size = 1989877 },
    { url = "https://files.pythonhosted.org/packages/a3/c8/1c5203a81200bae51aa8f7b5fad613f695bf1afa03f16251ca23ecb2ef9f/cytoolz-1.0.1-cp310-cp310-musllinux_1_2_s390x.whl", hash = "sha256:1855022b712a9c7a5bce354517ab4727a38095f81e2d23d3eabaf1daeb6a3b3c", size = 1994492 },
    { url = "https://files.pythonhosted.org/packages/e2/8a/04bc193c4d7ced8ef6bb62cdcd0bf40b5e5eb26586ed2cfb4433ec7dfd0a/cytoolz-1.0.1-cp310-cp310-musllinux_1_2_x86_64.whl", hash = "sha256:9930f7288c4866a1dc1cc87174f0c6ff4cad1671eb1f6306808aa6c445857d78", size = 1896077 },
    { url = "https://files.pythonhosted.org/packages/21/a5/bee63a58f51d2c74856db66e6119a014464ff8cb1c9387fa4bd2d94e49b0/cytoolz-1.0.1-cp310-cp310-win32.whl", hash = "sha256:a9baad795d72fadc3445ccd0f122abfdbdf94269157e6d6d4835636dad318804", size = 322135 },
    { url = "https://files.pythonhosted.org/packages/e8/16/7abfb1685e8b7f2838264551ee33651748994813f566ac4c3d737dfe90e5/cytoolz-1.0.1-cp310-cp310-win_amd64.whl", hash = "sha256:ad95b386a84e18e1f6136f6d343d2509d4c3aae9f5a536f3dc96808fcc56a8cf", size = 363599 },
    { url = "https://files.pythonhosted.org/packages/dc/ea/8131ae39119820b8867cddc23716fa9f681f2b3bbce6f693e68dfb36b55b/cytoolz-1.0.1-cp311-cp311-macosx_10_9_x86_64.whl", hash = "sha256:2d958d4f04d9d7018e5c1850790d9d8e68b31c9a2deebca74b903706fdddd2b6", size = 406162 },
    { url = "https://files.pythonhosted.org/packages/26/18/3d9bd4c146f6ea6e51300c242b20cb416966b21d481dac230e1304f1e54b/cytoolz-1.0.1-cp311-cp311-macosx_11_0_arm64.whl", hash = "sha256:0f445b8b731fc0ecb1865b8e68a070084eb95d735d04f5b6c851db2daf3048ab", size = 384961 },
    { url = "https://files.pythonhosted.org/packages/e4/73/9034827907c7f85c7c484c9494e905d022fb8174526004e9ef332570349e/cytoolz-1.0.1-cp311-cp311-manylinux_2_17_aarch64.manylinux2014_aarch64.whl", hash = "sha256:1f546a96460a7e28eb2ec439f4664fa646c9b3e51c6ebad9a59d3922bbe65e30", size = 2091698 },
    { url = "https://files.pythonhosted.org/packages/74/af/d5c2733b0fde1a08254ff1a8a8d567874040c9eb1606363cfebc0713c73f/cytoolz-1.0.1-cp311-cp311-manylinux_2_17_ppc64le.manylinux2014_ppc64le.whl", hash = "sha256:0317681dd065532d21836f860b0563b199ee716f55d0c1f10de3ce7100c78a3b", size = 2188452 },
    { url = "https://files.pythonhosted.org/packages/6a/bb/77c71fa9c217260b4056a732d754748903423c2cdd82a673d6064741e375/cytoolz-1.0.1-cp311-cp311-manylinux_2_17_s390x.manylinux2014_s390x.whl", hash = "sha256:0c0ef52febd5a7821a3fd8d10f21d460d1a3d2992f724ba9c91fbd7a96745d41", size = 2174203 },
    { url = "https://files.pythonhosted.org/packages/fc/a9/a5b4a3ff5d22faa1b60293bfe97362e2caf4a830c26d37ab5557f60d04b2/cytoolz-1.0.1-cp311-cp311-manylinux_2_17_x86_64.manylinux2014_x86_64.whl", hash = "sha256:f5ebaf419acf2de73b643cf96108702b8aef8e825cf4f63209ceb078d5fbbbfd", size = 2099831 },
    { url = "https://files.pythonhosted.org/packages/35/08/7f6869ea1ff31ce5289a7d58d0e7090acfe7058baa2764473048ff61ea3c/cytoolz-1.0.1-cp311-cp311-manylinux_2_5_i686.manylinux1_i686.manylinux_2_17_i686.manylinux2014_i686.whl", hash = "sha256:5f7f04eeb4088947585c92d6185a618b25ad4a0f8f66ea30c8db83cf94a425e3", size = 1996744 },
    { url = "https://files.pythonhosted.org/packages/46/b4/9ac424c994b51763fd1bbed62d95f8fba8fa0e45c8c3c583904fdaf8f51d/cytoolz-1.0.1-cp311-cp311-musllinux_1_2_aarch64.whl", hash = "sha256:f61928803bb501c17914b82d457c6f50fe838b173fb40d39c38d5961185bd6c7", size = 2013733 },
    { url = "https://files.pythonhosted.org/packages/3e/99/03009765c4b87d742d5b5a8670abb56a8c7ede033c2cdaa4be8662d3b001/cytoolz-1.0.1-cp311-cp311-musllinux_1_2_i686.whl", hash = "sha256:d2960cb4fa01ccb985ad1280db41f90dc97a80b397af970a15d5a5de403c8c61", size = 1994850 },
    { url = "https://files.pythonhosted.org/packages/40/9a/8458af9a5557e177ea42f8cf7e477bede518b0bbef564e28c4151feaa52c/cytoolz-1.0.1-cp311-cp311-musllinux_1_2_ppc64le.whl", hash = "sha256:b2b407cc3e9defa8df5eb46644f6f136586f70ba49eba96f43de67b9a0984fd3", size = 2155352 },
    { url = "https://files.pythonhosted.org/packages/5e/5c/2a701423e001fcbec288b4f3fc2bf67557d114c2388237fc1ae67e1e2686/cytoolz-1.0.1-cp311-cp311-musllinux_1_2_s390x.whl", hash = "sha256:8245f929144d4d3bd7b972c9593300195c6cea246b81b4c46053c48b3f044580", size = 2163515 },
    { url = "https://files.pythonhosted.org/packages/36/16/ee2e06e65d9d533bc05cd52a0b355ba9072fc8f60d77289e529c6d2e3750/cytoolz-1.0.1-cp311-cp311-musllinux_1_2_x86_64.whl", hash = "sha256:e37385db03af65763933befe89fa70faf25301effc3b0485fec1c15d4ce4f052", size = 2054431 },
    { url = "https://files.pythonhosted.org/packages/d8/d5/2fac8315f210fa1bc7106e27c19e1211580aa25bb7fa17dfd79505e5baf2/cytoolz-1.0.1-cp311-cp311-win32.whl", hash = "sha256:50f9c530f83e3e574fc95c264c3350adde8145f4f8fc8099f65f00cc595e5ead", size = 322004 },
    { url = "https://files.pythonhosted.org/packages/a9/9e/0b70b641850a95f9ff90adde9d094a4b1d81ec54dadfd97fec0a2aaf440e/cytoolz-1.0.1-cp311-cp311-win_amd64.whl", hash = "sha256:b7f6b617454b4326af7bd3c7c49b0fc80767f134eb9fd6449917a058d17a0e3c", size = 365358 },
    { url = "https://files.pythonhosted.org/packages/d8/e8/218098344ed2cb5f8441fade9b2428e435e7073962374a9c71e59ac141a7/cytoolz-1.0.1-cp312-cp312-macosx_10_13_x86_64.whl", hash = "sha256:fcb8f7d0d65db1269022e7e0428471edee8c937bc288ebdcb72f13eaa67c2fe4", size = 414121 },
    { url = "https://files.pythonhosted.org/packages/de/27/4d729a5653718109262b758fec1a959aa9facb74c15460d9074dc76d6635/cytoolz-1.0.1-cp312-cp312-macosx_11_0_arm64.whl", hash = "sha256:207d4e4b445e087e65556196ff472ff134370d9a275d591724142e255f384662", size = 390904 },
    { url = "https://files.pythonhosted.org/packages/72/c0/cbabfa788bab9c6038953bf9478adaec06e88903a726946ea7c88092f5c4/cytoolz-1.0.1-cp312-cp312-manylinux_2_17_aarch64.manylinux2014_aarch64.whl", hash = "sha256:21cdf6bac6fd843f3b20280a66fd8df20dea4c58eb7214a2cd8957ec176f0bb3", size = 2090734 },
    { url = "https://files.pythonhosted.org/packages/c3/66/369262c60f9423c2da82a60864a259c852f1aa122aced4acd2c679af58c0/cytoolz-1.0.1-cp312-cp312-manylinux_2_17_ppc64le.manylinux2014_ppc64le.whl", hash = "sha256:4a55ec098036c0dea9f3bdc021f8acd9d105a945227d0811589f0573f21c9ce1", size = 2155933 },
    { url = "https://files.pythonhosted.org/packages/aa/4e/ee55186802f8d24b5fbf9a11405ccd1203b30eded07cc17750618219b94e/cytoolz-1.0.1-cp312-cp312-manylinux_2_17_s390x.manylinux2014_s390x.whl", hash = "sha256:a13ab79ff4ce202e03ab646a2134696988b554b6dc4b71451e948403db1331d8", size = 2171903 },
    { url = "https://files.pythonhosted.org/packages/a1/96/bd1a9f3396e9b7f618db8cd08d15630769ce3c8b7d0534f92cd639c977ae/cytoolz-1.0.1-cp312-cp312-manylinux_2_17_x86_64.manylinux2014_x86_64.whl", hash = "sha256:4e2d944799026e1ff08a83241f1027a2d9276c41f7a74224cd98b7df6e03957d", size = 2125270 },
    { url = "https://files.pythonhosted.org/packages/28/48/2a3762873091c88a69e161111cfbc6c222ff145d57ff011a642b169f04f1/cytoolz-1.0.1-cp312-cp312-manylinux_2_5_i686.manylinux1_i686.manylinux_2_17_i686.manylinux2014_i686.whl", hash = "sha256:88ba85834cd523b91fdf10325e1e6d71c798de36ea9bdc187ca7bd146420de6f", size = 1973967 },
    { url = "https://files.pythonhosted.org/packages/e4/50/500bd69774bdc49a4d78ec8779eb6ac7c1a9d706bfd91cf2a1dba604373a/cytoolz-1.0.1-cp312-cp312-musllinux_1_2_aarch64.whl", hash = "sha256:5a750b1af7e8bf6727f588940b690d69e25dc47cce5ce467925a76561317eaf7", size = 2021695 },
    { url = "https://files.pythonhosted.org/packages/e4/4e/ba5a0ce34869495eb50653de8d676847490cf13a2cac1760fc4d313e78de/cytoolz-1.0.1-cp312-cp312-musllinux_1_2_i686.whl", hash = "sha256:44a71870f7eae31d263d08b87da7c2bf1176f78892ed8bdade2c2850478cb126", size = 2010177 },
    { url = "https://files.pythonhosted.org/packages/87/57/615c630b3089a13adb15351d958d227430cf624f03b1dd39eb52c34c1f59/cytoolz-1.0.1-cp312-cp312-musllinux_1_2_ppc64le.whl", hash = "sha256:c8231b9abbd8e368e036f4cc2e16902c9482d4cf9e02a6147ed0e9a3cd4a9ab0", size = 2154321 },
    { url = "https://files.pythonhosted.org/packages/7f/0f/fe1aa2d931e3b35ecc05215bd75da945ea7346095b3b6f6027164e602d5a/cytoolz-1.0.1-cp312-cp312-musllinux_1_2_s390x.whl", hash = "sha256:aa87599ccc755de5a096a4d6c34984de6cd9dc928a0c5eaa7607457317aeaf9b", size = 2188374 },
    { url = "https://files.pythonhosted.org/packages/de/fa/fd363d97a641b6d0e2fd1d5c35b8fd41d9ccaeb4df56302f53bf23a58e3a/cytoolz-1.0.1-cp312-cp312-musllinux_1_2_x86_64.whl", hash = "sha256:67cd16537df51baabde3baa770ab7b8d16839c4d21219d5b96ac59fb012ebd2d", size = 2077911 },
    { url = "https://files.pythonhosted.org/packages/d9/68/0a22946b98ae5201b54ccb4e651295285c0fb79406022b6ee8b2f791940c/cytoolz-1.0.1-cp312-cp312-win32.whl", hash = "sha256:fb988c333f05ee30ad4693fe4da55d95ec0bb05775d2b60191236493ea2e01f9", size = 321903 },
    { url = "https://files.pythonhosted.org/packages/62/1a/f3903197956055032f8cb297342e2dff07e50f83991aebfe5b4c4fcb55e4/cytoolz-1.0.1-cp312-cp312-win_amd64.whl", hash = "sha256:8f89c48d8e5aec55ffd566a8ec858706d70ed0c6a50228eca30986bfa5b4da8b", size = 364490 },
    { url = "https://files.pythonhosted.org/packages/aa/2e/a9f069db0107749e9e72baf6c21abe3f006841a3bcfdc9b8420e22ef31eb/cytoolz-1.0.1-cp313-cp313-macosx_10_13_x86_64.whl", hash = "sha256:6944bb93b287032a4c5ca6879b69bcd07df46f3079cf8393958cf0b0454f50c0", size = 407365 },
    { url = "https://files.pythonhosted.org/packages/a9/9b/5e87dd0e31f54c778b4f9f34cc14c1162d3096c8d746b0f8be97d70dd73c/cytoolz-1.0.1-cp313-cp313-macosx_11_0_arm64.whl", hash = "sha256:e027260fd2fc5cb041277158ac294fc13dca640714527219f702fb459a59823a", size = 385233 },
    { url = "https://files.pythonhosted.org/packages/63/00/2fd32b16284cdb97cfe092822179bc0c3bcdd5e927dd39f986169a517642/cytoolz-1.0.1-cp313-cp313-manylinux_2_17_aarch64.manylinux2014_aarch64.whl", hash = "sha256:88662c0e07250d26f5af9bc95911e6137e124a5c1ec2ce4a5d74de96718ab242", size = 2062903 },
    { url = "https://files.pythonhosted.org/packages/85/39/b3cbb5a9847ba59584a263772ad4f8ca2dbfd2a0e11efd09211d1219804c/cytoolz-1.0.1-cp313-cp313-manylinux_2_17_ppc64le.manylinux2014_ppc64le.whl", hash = "sha256:309dffa78b0961b4c0cf55674b828fbbc793cf2d816277a5c8293c0c16155296", size = 2139517 },
    { url = "https://files.pythonhosted.org/packages/ea/39/bfcab4a46d50c467e36fe704f19d8904efead417787806ee210327f68390/cytoolz-1.0.1-cp313-cp313-manylinux_2_17_s390x.manylinux2014_s390x.whl", hash = "sha256:edb34246e6eb40343c5860fc51b24937698e4fa1ee415917a73ad772a9a1746b", size = 2154849 },
    { url = "https://files.pythonhosted.org/packages/fd/42/3bc6ee61b0aa47e1cb40819adc1a456d7efa809f0dea9faddacb43fdde8f/cytoolz-1.0.1-cp313-cp313-manylinux_2_17_x86_64.manylinux2014_x86_64.whl", hash = "sha256:0a54da7a8e4348a18d45d4d5bc84af6c716d7f131113a4f1cc45569d37edff1b", size = 2102302 },
    { url = "https://files.pythonhosted.org/packages/00/66/3f636c6ddea7b18026b90a8c238af472e423b86e427b11df02213689b012/cytoolz-1.0.1-cp313-cp313-manylinux_2_5_i686.manylinux1_i686.manylinux_2_17_i686.manylinux2014_i686.whl", hash = "sha256:241c679c3b1913c0f7259cf1d9639bed5084c86d0051641d537a0980548aa266", size = 1960872 },
    { url = "https://files.pythonhosted.org/packages/40/36/cb3b7cdd651007b69f9c48e9d104cec7cb8dc53afa1d6a720e5ad08022fa/cytoolz-1.0.1-cp313-cp313-musllinux_1_2_aarch64.whl", hash = "sha256:5bfc860251a8f280ac79696fc3343cfc3a7c30b94199e0240b6c9e5b6b01a2a5", size = 2014430 },
    { url = "https://files.pythonhosted.org/packages/88/3f/2e9bd2a16cfd269808922147551dcb2d8b68ba54a2c4deca2fa6a6cd0d5f/cytoolz-1.0.1-cp313-cp313-musllinux_1_2_i686.whl", hash = "sha256:c8edd1547014050c1bdad3ff85d25c82bd1c2a3c96830c6181521eb78b9a42b3", size = 2003127 },
    { url = "https://files.pythonhosted.org/packages/c4/7d/08604ff940aa784df8343c387fdf2489b948b714a6afb587775ae94da912/cytoolz-1.0.1-cp313-cp313-musllinux_1_2_ppc64le.whl", hash = "sha256:b349bf6162e8de215403d7f35f8a9b4b1853dc2a48e6e1a609a5b1a16868b296", size = 2142369 },
    { url = "https://files.pythonhosted.org/packages/d2/c6/39919a0645bdbdf720e97cae107f959ea9d1267fbc3b0d94fc6e1d12ac8f/cytoolz-1.0.1-cp313-cp313-musllinux_1_2_s390x.whl", hash = "sha256:1b18b35256219b6c3dd0fa037741b85d0bea39c552eab0775816e85a52834140", size = 2180427 },
    { url = "https://files.pythonhosted.org/packages/d8/03/dbb9d47556ee54337e7e0ac209d17ceff2d2a197c34de08005abc7a7449b/cytoolz-1.0.1-cp313-cp313-musllinux_1_2_x86_64.whl", hash = "sha256:738b2350f340ff8af883eb301054eb724997f795d20d90daec7911c389d61581", size = 2069785 },
    { url = "https://files.pythonhosted.org/packages/ea/f8/11bb7b8947002231faae3ec2342df5896afbc19eb783a332cce6d219ff79/cytoolz-1.0.1-cp313-cp313-win32.whl", hash = "sha256:9cbd9c103df54fcca42be55ef40e7baea624ac30ee0b8bf1149f21146d1078d9", size = 320685 },
    { url = "https://files.pythonhosted.org/packages/40/eb/dde173cf2357084ca9423950be1f2f11ab11d65d8bd30165bfb8fd4213e9/cytoolz-1.0.1-cp313-cp313-win_amd64.whl", hash = "sha256:90e577e08d3a4308186d9e1ec06876d4756b1e8164b92971c69739ea17e15297", size = 362898 },
    { url = "https://files.pythonhosted.org/packages/d9/f7/ef2a10daaec5c0f7d781d50758c6187eee484256e356ae8ef178d6c48497/cytoolz-1.0.1-pp310-pypy310_pp73-macosx_10_15_x86_64.whl", hash = "sha256:83d19d55738ad9c60763b94f3f6d3c6e4de979aeb8d76841c1401081e0e58d96", size = 345702 },
    { url = "https://files.pythonhosted.org/packages/c8/14/53c84adddedb67ff1546abb86fea04d26e24298c3ceab8436d20122ed0b9/cytoolz-1.0.1-pp310-pypy310_pp73-manylinux_2_17_aarch64.manylinux2014_aarch64.whl", hash = "sha256:f112a71fad6ea824578e6393765ce5c054603afe1471a5c753ff6c67fd872d10", size = 385695 },
    { url = "https://files.pythonhosted.org/packages/bd/80/3ae356c5e7b8d7dc7d1adb52f6932fee85cd748ed4e1217c269d2dfd610f/cytoolz-1.0.1-pp310-pypy310_pp73-manylinux_2_5_i686.manylinux1_i686.manylinux_2_17_i686.manylinux2014_i686.whl", hash = "sha256:5a515df8f8aa6e1eaaf397761a6e4aff2eef73b5f920aedf271416d5471ae5ee", size = 406261 },
    { url = "https://files.pythonhosted.org/packages/0c/31/8e43761ffc82d90bf9cab7e0959712eedcd1e33c211397e143dd42d7af57/cytoolz-1.0.1-pp310-pypy310_pp73-manylinux_2_5_x86_64.manylinux1_x86_64.manylinux_2_17_x86_64.manylinux2014_x86_64.whl", hash = "sha256:92c398e7b7023460bea2edffe5fcd0a76029580f06c3f6938ac3d198b47156f3", size = 397207 },
    { url = "https://files.pythonhosted.org/packages/d1/b9/fe9da37090b6444c65f848a83e390f87d8cb43d6a4df46de1556ad7e5ceb/cytoolz-1.0.1-pp310-pypy310_pp73-win_amd64.whl", hash = "sha256:3237e56211e03b13df47435b2369f5df281e02b04ad80a948ebd199b7bc10a47", size = 343358 },
]

[[package]]
name = "eth-hash"
version = "0.7.1"
source = { registry = "https://pypi.org/simple" }
sdist = { url = "https://files.pythonhosted.org/packages/ee/38/577b7bc9380ef9dff0f1dffefe0c9a1ded2385e7a06c306fd95afb6f9451/eth_hash-0.7.1.tar.gz", hash = "sha256:d2411a403a0b0a62e8247b4117932d900ffb4c8c64b15f92620547ca5ce46be5", size = 12227 }
wheels = [
    { url = "https://files.pythonhosted.org/packages/eb/db/f8775490669d28aca24871c67dd56b3e72105cb3bcae9a4ec65dd70859b3/eth_hash-0.7.1-py3-none-any.whl", hash = "sha256:0fb1add2adf99ef28883fd6228eb447ef519ea72933535ad1a0b28c6f65f868a", size = 8028 },
]

[package.optional-dependencies]
pysha3 = [
    { name = "safe-pysha3" },
]

[[package]]
name = "eth-keys"
version = "0.7.0"
source = { registry = "https://pypi.org/simple" }
dependencies = [
    { name = "eth-typing" },
    { name = "eth-utils" },
]
sdist = { url = "https://files.pythonhosted.org/packages/58/11/1ed831c50bd74f57829aa06e58bd82a809c37e070ee501c953b9ac1f1552/eth_keys-0.7.0.tar.gz", hash = "sha256:79d24fd876201df67741de3e3fefb3f4dbcbb6ace66e47e6fe662851a4547814", size = 30166 }
wheels = [
    { url = "https://files.pythonhosted.org/packages/4d/25/0ae00f2b0095e559d61ad3dc32171bd5a29dfd95ab04b4edd641f7c75f72/eth_keys-0.7.0-py3-none-any.whl", hash = "sha256:b0cdda8ffe8e5ba69c7c5ca33f153828edcace844f67aabd4542d7de38b159cf", size = 20656 },
]

[[package]]
name = "eth-typing"
version = "5.2.0"
source = { registry = "https://pypi.org/simple" }
dependencies = [
    { name = "typing-extensions" },
]
sdist = { url = "https://files.pythonhosted.org/packages/bd/4a/1faf216a53427ae9111524ebd139b99c0b93fb3dcadf0c972c3433055370/eth_typing-5.2.0.tar.gz", hash = "sha256:28685f7e2270ea0d209b75bdef76d8ecef27703e1a16399f6929820d05071c28", size = 21794 }
wheels = [
    { url = "https://files.pythonhosted.org/packages/3c/83/7b29c2cfde5d2131eac18c47692440465a61122ce28164b5f480c800e358/eth_typing-5.2.0-py3-none-any.whl", hash = "sha256:e1f424e97990fc3c6a1c05a7b0968caed4e20e9c99a4d5f4db3df418e25ddc80", size = 19120 },
]

[[package]]
name = "eth-utils"
version = "5.2.0"
source = { registry = "https://pypi.org/simple" }
dependencies = [
    { name = "cytoolz", marker = "implementation_name == 'cpython'" },
    { name = "eth-hash" },
    { name = "eth-typing" },
    { name = "toolz", marker = "implementation_name == 'pypy'" },
]
sdist = { url = "https://files.pythonhosted.org/packages/27/e9/f4210d19fa45a23b239017cd75b535d594d8945ef6afc4bb3ab9ee4ff269/eth_utils-5.2.0.tar.gz", hash = "sha256:17e474eb654df6e18f20797b22c6caabb77415a996b3ba0f3cc8df3437463134", size = 120366 }
wheels = [
    { url = "https://files.pythonhosted.org/packages/4f/88/e4e2cc869eaab9a830ac69f213d0609a4f5c5377cde10698cdef6ad2874e/eth_utils-5.2.0-py3-none-any.whl", hash = "sha256:4d43eeb6720e89a042ad5b28d4b2111630ae764f444b85cbafb708d7f076da10", size = 100516 },
]

[[package]]
name = "pysubnet"
version = "1.1.1"
source = { editable = "." }
dependencies = [
    { name = "eth-hash", extra = ["pysha3"] },
    { name = "eth-keys" },
    { name = "eth-utils" },
    { name = "tomli" },
]

[package.metadata]
requires-dist = [
    { name = "eth-hash", extras = ["pysha3"], specifier = ">=0.7.1" },
    { name = "eth-keys", specifier = ">=0.7.0" },
    { name = "eth-utils", specifier = ">=5.2.0" },
    { name = "tomli", specifier = ">=2.2.1" },
]

[[package]]
name = "safe-pysha3"
version = "1.0.4"
source = { registry = "https://pypi.org/simple" }
sdist = { url = "https://files.pythonhosted.org/packages/fd/73/67ba7ed2177b0b17d10665418fb5deafa03d76b8d4b2cb30883b81b00edf/safe-pysha3-1.0.4.tar.gz", hash = "sha256:e429146b1edd198b2ca934a2046a65656c5d31b0ec894bbd6055127f4deaff17", size = 827688 }

[[package]]
name = "tomli"
version = "2.2.1"
source = { registry = "https://pypi.org/simple" }
sdist = { url = "https://files.pythonhosted.org/packages/18/87/302344fed471e44a87289cf4967697d07e532f2421fdaf868a303cbae4ff/tomli-2.2.1.tar.gz", hash = "sha256:cd45e1dc79c835ce60f7404ec8119f2eb06d38b1deba146f07ced3bbc44505ff", size = 17175 }
wheels = [
    { url = "https://files.pythonhosted.org/packages/43/ca/75707e6efa2b37c77dadb324ae7d9571cb424e61ea73fad7c56c2d14527f/tomli-2.2.1-cp311-cp311-macosx_10_9_x86_64.whl", hash = "sha256:678e4fa69e4575eb77d103de3df8a895e1591b48e740211bd1067378c69e8249", size = 131077 },
    { url = "https://files.pythonhosted.org/packages/c7/16/51ae563a8615d472fdbffc43a3f3d46588c264ac4f024f63f01283becfbb/tomli-2.2.1-cp311-cp311-macosx_11_0_arm64.whl", hash = "sha256:023aa114dd824ade0100497eb2318602af309e5a55595f76b626d6d9f3b7b0a6", size = 123429 },
    { url = "https://files.pythonhosted.org/packages/f1/dd/4f6cd1e7b160041db83c694abc78e100473c15d54620083dbd5aae7b990e/tomli-2.2.1-cp311-cp311-manylinux_2_17_aarch64.manylinux2014_aarch64.whl", hash = "sha256:ece47d672db52ac607a3d9599a9d48dcb2f2f735c6c2d1f34130085bb12b112a", size = 226067 },
    { url = "https://files.pythonhosted.org/packages/a9/6b/c54ede5dc70d648cc6361eaf429304b02f2871a345bbdd51e993d6cdf550/tomli-2.2.1-cp311-cp311-manylinux_2_17_x86_64.manylinux2014_x86_64.whl", hash = "sha256:6972ca9c9cc9f0acaa56a8ca1ff51e7af152a9f87fb64623e31d5c83700080ee", size = 236030 },
    { url = "https://files.pythonhosted.org/packages/1f/47/999514fa49cfaf7a92c805a86c3c43f4215621855d151b61c602abb38091/tomli-2.2.1-cp311-cp311-manylinux_2_5_i686.manylinux1_i686.manylinux_2_17_i686.manylinux2014_i686.whl", hash = "sha256:c954d2250168d28797dd4e3ac5cf812a406cd5a92674ee4c8f123c889786aa8e", size = 240898 },
    { url = "https://files.pythonhosted.org/packages/73/41/0a01279a7ae09ee1573b423318e7934674ce06eb33f50936655071d81a24/tomli-2.2.1-cp311-cp311-musllinux_1_2_aarch64.whl", hash = "sha256:8dd28b3e155b80f4d54beb40a441d366adcfe740969820caf156c019fb5c7ec4", size = 229894 },
    { url = "https://files.pythonhosted.org/packages/55/18/5d8bc5b0a0362311ce4d18830a5d28943667599a60d20118074ea1b01bb7/tomli-2.2.1-cp311-cp311-musllinux_1_2_i686.whl", hash = "sha256:e59e304978767a54663af13c07b3d1af22ddee3bb2fb0618ca1593e4f593a106", size = 245319 },
    { url = "https://files.pythonhosted.org/packages/92/a3/7ade0576d17f3cdf5ff44d61390d4b3febb8a9fc2b480c75c47ea048c646/tomli-2.2.1-cp311-cp311-musllinux_1_2_x86_64.whl", hash = "sha256:33580bccab0338d00994d7f16f4c4ec25b776af3ffaac1ed74e0b3fc95e885a8", size = 238273 },
    { url = "https://files.pythonhosted.org/packages/72/6f/fa64ef058ac1446a1e51110c375339b3ec6be245af9d14c87c4a6412dd32/tomli-2.2.1-cp311-cp311-win32.whl", hash = "sha256:465af0e0875402f1d226519c9904f37254b3045fc5084697cefb9bdde1ff99ff", size = 98310 },
    { url = "https://files.pythonhosted.org/packages/6a/1c/4a2dcde4a51b81be3530565e92eda625d94dafb46dbeb15069df4caffc34/tomli-2.2.1-cp311-cp311-win_amd64.whl", hash = "sha256:2d0f2fdd22b02c6d81637a3c95f8cd77f995846af7414c5c4b8d0545afa1bc4b", size = 108309 },
    { url = "https://files.pythonhosted.org/packages/52/e1/f8af4c2fcde17500422858155aeb0d7e93477a0d59a98e56cbfe75070fd0/tomli-2.2.1-cp312-cp312-macosx_10_13_x86_64.whl", hash = "sha256:4a8f6e44de52d5e6c657c9fe83b562f5f4256d8ebbfe4ff922c495620a7f6cea", size = 132762 },
    { url = "https://files.pythonhosted.org/packages/03/b8/152c68bb84fc00396b83e7bbddd5ec0bd3dd409db4195e2a9b3e398ad2e3/tomli-2.2.1-cp312-cp312-macosx_11_0_arm64.whl", hash = "sha256:8d57ca8095a641b8237d5b079147646153d22552f1c637fd3ba7f4b0b29167a8", size = 123453 },
    { url = "https://files.pythonhosted.org/packages/c8/d6/fc9267af9166f79ac528ff7e8c55c8181ded34eb4b0e93daa767b8841573/tomli-2.2.1-cp312-cp312-manylinux_2_17_aarch64.manylinux2014_aarch64.whl", hash = "sha256:4e340144ad7ae1533cb897d406382b4b6fede8890a03738ff1683af800d54192", size = 233486 },
    { url = "https://files.pythonhosted.org/packages/5c/51/51c3f2884d7bab89af25f678447ea7d297b53b5a3b5730a7cb2ef6069f07/tomli-2.2.1-cp312-cp312-manylinux_2_17_x86_64.manylinux2014_x86_64.whl", hash = "sha256:db2b95f9de79181805df90bedc5a5ab4c165e6ec3fe99f970d0e302f384ad222", size = 242349 },
    { url = "https://files.pythonhosted.org/packages/ab/df/bfa89627d13a5cc22402e441e8a931ef2108403db390ff3345c05253935e/tomli-2.2.1-cp312-cp312-manylinux_2_5_i686.manylinux1_i686.manylinux_2_17_i686.manylinux2014_i686.whl", hash = "sha256:40741994320b232529c802f8bc86da4e1aa9f413db394617b9a256ae0f9a7f77", size = 252159 },
    { url = "https://files.pythonhosted.org/packages/9e/6e/fa2b916dced65763a5168c6ccb91066f7639bdc88b48adda990db10c8c0b/tomli-2.2.1-cp312-cp312-musllinux_1_2_aarch64.whl", hash = "sha256:400e720fe168c0f8521520190686ef8ef033fb19fc493da09779e592861b78c6", size = 237243 },
    { url = "https://files.pythonhosted.org/packages/b4/04/885d3b1f650e1153cbb93a6a9782c58a972b94ea4483ae4ac5cedd5e4a09/tomli-2.2.1-cp312-cp312-musllinux_1_2_i686.whl", hash = "sha256:02abe224de6ae62c19f090f68da4e27b10af2b93213d36cf44e6e1c5abd19fdd", size = 259645 },
    { url = "https://files.pythonhosted.org/packages/9c/de/6b432d66e986e501586da298e28ebeefd3edc2c780f3ad73d22566034239/tomli-2.2.1-cp312-cp312-musllinux_1_2_x86_64.whl", hash = "sha256:b82ebccc8c8a36f2094e969560a1b836758481f3dc360ce9a3277c65f374285e", size = 244584 },
    { url = "https://files.pythonhosted.org/packages/1c/9a/47c0449b98e6e7d1be6cbac02f93dd79003234ddc4aaab6ba07a9a7482e2/tomli-2.2.1-cp312-cp312-win32.whl", hash = "sha256:889f80ef92701b9dbb224e49ec87c645ce5df3fa2cc548664eb8a25e03127a98", size = 98875 },
    { url = "https://files.pythonhosted.org/packages/ef/60/9b9638f081c6f1261e2688bd487625cd1e660d0a85bd469e91d8db969734/tomli-2.2.1-cp312-cp312-win_amd64.whl", hash = "sha256:7fc04e92e1d624a4a63c76474610238576942d6b8950a2d7f908a340494e67e4", size = 109418 },
    { url = "https://files.pythonhosted.org/packages/04/90/2ee5f2e0362cb8a0b6499dc44f4d7d48f8fff06d28ba46e6f1eaa61a1388/tomli-2.2.1-cp313-cp313-macosx_10_13_x86_64.whl", hash = "sha256:f4039b9cbc3048b2416cc57ab3bda989a6fcf9b36cf8937f01a6e731b64f80d7", size = 132708 },
    { url = "https://files.pythonhosted.org/packages/c0/ec/46b4108816de6b385141f082ba99e315501ccd0a2ea23db4a100dd3990ea/tomli-2.2.1-cp313-cp313-macosx_11_0_arm64.whl", hash = "sha256:286f0ca2ffeeb5b9bd4fcc8d6c330534323ec51b2f52da063b11c502da16f30c", size = 123582 },
    { url = "https://files.pythonhosted.org/packages/a0/bd/b470466d0137b37b68d24556c38a0cc819e8febe392d5b199dcd7f578365/tomli-2.2.1-cp313-cp313-manylinux_2_17_aarch64.manylinux2014_aarch64.whl", hash = "sha256:a92ef1a44547e894e2a17d24e7557a5e85a9e1d0048b0b5e7541f76c5032cb13", size = 232543 },
    { url = "https://files.pythonhosted.org/packages/d9/e5/82e80ff3b751373f7cead2815bcbe2d51c895b3c990686741a8e56ec42ab/tomli-2.2.1-cp313-cp313-manylinux_2_17_x86_64.manylinux2014_x86_64.whl", hash = "sha256:9316dc65bed1684c9a98ee68759ceaed29d229e985297003e494aa825ebb0281", size = 241691 },
    { url = "https://files.pythonhosted.org/packages/05/7e/2a110bc2713557d6a1bfb06af23dd01e7dde52b6ee7dadc589868f9abfac/tomli-2.2.1-cp313-cp313-manylinux_2_5_i686.manylinux1_i686.manylinux_2_17_i686.manylinux2014_i686.whl", hash = "sha256:e85e99945e688e32d5a35c1ff38ed0b3f41f43fad8df0bdf79f72b2ba7bc5272", size = 251170 },
    { url = "https://files.pythonhosted.org/packages/64/7b/22d713946efe00e0adbcdfd6d1aa119ae03fd0b60ebed51ebb3fa9f5a2e5/tomli-2.2.1-cp313-cp313-musllinux_1_2_aarch64.whl", hash = "sha256:ac065718db92ca818f8d6141b5f66369833d4a80a9d74435a268c52bdfa73140", size = 236530 },
    { url = "https://files.pythonhosted.org/packages/38/31/3a76f67da4b0cf37b742ca76beaf819dca0ebef26d78fc794a576e08accf/tomli-2.2.1-cp313-cp313-musllinux_1_2_i686.whl", hash = "sha256:d920f33822747519673ee656a4b6ac33e382eca9d331c87770faa3eef562aeb2", size = 258666 },
    { url = "https://files.pythonhosted.org/packages/07/10/5af1293da642aded87e8a988753945d0cf7e00a9452d3911dd3bb354c9e2/tomli-2.2.1-cp313-cp313-musllinux_1_2_x86_64.whl", hash = "sha256:a198f10c4d1b1375d7687bc25294306e551bf1abfa4eace6650070a5c1ae2744", size = 243954 },
    { url = "https://files.pythonhosted.org/packages/5b/b9/1ed31d167be802da0fc95020d04cd27b7d7065cc6fbefdd2f9186f60d7bd/tomli-2.2.1-cp313-cp313-win32.whl", hash = "sha256:d3f5614314d758649ab2ab3a62d4f2004c825922f9e370b29416484086b264ec", size = 98724 },
    { url = "https://files.pythonhosted.org/packages/c7/32/b0963458706accd9afcfeb867c0f9175a741bf7b19cd424230714d722198/tomli-2.2.1-cp313-cp313-win_amd64.whl", hash = "sha256:a38aa0308e754b0e3c67e344754dff64999ff9b513e691d0e786265c93583c69", size = 109383 },
    { url = "https://files.pythonhosted.org/packages/6e/c2/61d3e0f47e2b74ef40a68b9e6ad5984f6241a942f7cd3bbfbdbd03861ea9/tomli-2.2.1-py3-none-any.whl", hash = "sha256:cb55c73c5f4408779d0cf3eef9f762b9c9f147a77de7b258bef0a5628adc85cc", size = 14257 },
]

[[package]]
name = "toolz"
version = "1.0.0"
source = { registry = "https://pypi.org/simple" }
sdist = { url = "https://files.pythonhosted.org/packages/8a/0b/d80dfa675bf592f636d1ea0b835eab4ec8df6e9415d8cfd766df54456123/toolz-1.0.0.tar.gz", hash = "sha256:2c86e3d9a04798ac556793bced838816296a2f085017664e4995cb40a1047a02", size = 66790 }
wheels = [
    { url = "https://files.pythonhosted.org/packages/03/98/eb27cc78ad3af8e302c9d8ff4977f5026676e130d28dd7578132a457170c/toolz-1.0.0-py3-none-any.whl", hash = "sha256:292c8f1c4e7516bf9086f8850935c799a874039c8bcf959d47b600e4c44a6236", size = 56383 },
]

[[package]]
name = "typing-extensions"
version = "4.13.2"
source = { registry = "https://pypi.org/simple" }
sdist = { url = "https://files.pythonhosted.org/packages/f6/37/23083fcd6e35492953e8d2aaaa68b860eb422b34627b13f2ce3eb6106061/typing_extensions-4.13.2.tar.gz", hash = "sha256:e6c81219bd689f51865d9e372991c540bda33a0379d5573cddb9a3a23f7caaef", size = 106967 }
wheels = [
    { url = "https://files.pythonhosted.org/packages/8b/54/b1ae86c0973cc6f0210b53d508ca3641fb6d0c56823f288d108bc7ab3cc8/typing_extensions-4.13.2-py3-none-any.whl", hash = "sha256:a439e7c04b49fec3e5d3e2beaa21755cadbbdc391694e28ccdd36ca4a1408f8c", size = 45806 },
]
